{
  "version": 4,
  "terraform_version": "1.10.5",
  "serial": 83,
  "lineage": "6534682b-a9a8-637a-a332-4449e1b2969b",
  "outputs": {},
  "resources": [
    {
      "mode": "data",
      "type": "yandex_vpc_network",
      "name": "default_vpc",
      "provider": "provider[\"registry.terraform.io/yandex-cloud/yandex\"]",
      "instances": [
        {
          "schema_version": 0,
          "attributes": {
            "created_at": "2025-02-11T21:28:41Z",
            "default_security_group_id": "enp64aodvpnuof442qmk",
            "description": "Auto-created network",
            "folder_id": "b1g898ireef9ia8ivgq4",
            "id": "enp3dfkenjpfet9onp65",
            "labels": {},
            "name": "default",
            "network_id": "enp3dfkenjpfet9onp65",
            "subnet_ids": [
              "e2lg496683uv7th20kdj",
              "e9b9p30p9u65ckmid5vr",
              "fl88aoh7d42dlahc0k25",
              "fl88f98fbeo75v8gfhr2",
              "fl8m754dlg7o3kv3rg37"
            ]
          },
          "sensitive_attributes": []
        }
      ]
    },
    {
      "mode": "managed",
      "type": "yandex_compute_instance",
      "name": "bastion",
      "provider": "provider[\"registry.terraform.io/yandex-cloud/yandex\"]",
      "instances": [
        {
          "schema_version": 1,
          "attributes": {
            "allow_recreate": null,
            "allow_stopping_for_update": null,
            "boot_disk": [
              {
                "auto_delete": true,
                "device_name": "fv4996u3a8fr7k1o7frh",
                "disk_id": "fv4996u3a8fr7k1o7frh",
                "initialize_params": [
                  {
                    "block_size": 4096,
                    "description": "",
                    "image_id": "fd85hkli5dp6as39ali4",
                    "kms_key_id": "",
                    "name": "",
                    "size": 10,
                    "snapshot_id": "",
                    "type": "network-hdd"
                  }
                ],
                "mode": "READ_WRITE"
              }
            ],
            "created_at": "2025-02-15T10:48:59Z",
            "description": "",
            "filesystem": [],
            "folder_id": "b1g898ireef9ia8ivgq4",
            "fqdn": "fv4k69mc70ml0eble4lp.auto.internal",
            "gpu_cluster_id": "",
            "hardware_generation": [
              {
                "generation2_features": [],
                "legacy_features": [
                  {
                    "pci_topology": "PCI_TOPOLOGY_V1"
                  }
                ]
              }
            ],
            "hostname": "",
            "id": "fv4k69mc70ml0eble4lp",
            "labels": {},
            "local_disk": [],
            "maintenance_grace_period": "",
            "maintenance_policy": null,
            "metadata": {
              "ssh-keys": "ubuntu:ssh-rsa AAAAB3NzaC1yc2EAAAADAQABAAACAQC4Zaph1LGTJ8GJLQQ2mfHzKT+CRkZSwN6XZoOU/NIe0iqbuvKzcYbTUrYkbPWd2vmvPVx3H91Q8aFX++f+Saxr5B3PatRFLN/VfjETowyME50IzUR6oYe3DvJNOJPHJuZSGS1QYIZ0Qy2ij0xqQclAjES0g1H7Wi62cLd918eunhH6RIeBg83/ykK4D4dQWN6bVPLpHhjbIM1VHXpDlJ4ja7UvRBtffQRRxzgEowQFVBhfGexTtXAiaeSRLOpM8gG3kgRZCyznYMvlCp2x5E0DiPks0hb66ql1wrDLiEL/R+GL7icUIc9BCt5fvWMNwTJ8ouAsKHi4A6k4BOgqeoZbiMBwJ1BEAQ6OpawFrQSnjj1BAfCXLlfTXywuiGWa5Li3lpTjAlIdEnLwEK2Hkw4ITOrV4XbFE64dSfhbbctL7cG9QK+MRcD4+7Fr2vThQFjAT/ugs2+df7XmQQE5Xwi+Pm9mKyRK6CeDZuCD1H2v9m3e4gtB6rzKinn6YLaFtdnyiOCfrigvE0s82eat037EBFQHaxDZ3GyPPHJbLxNMmqBsjLhfKud1P1EA5DUFnrI3cjYhHzpvF0wTgj95wqSQyATCVRkn8BuM4va7wAoFl0q1vk9lBEJWk3PVPDPQrkAR0kJzHj55Q4oxewaurII1YkYn+oOJbtsMpveEu/OKWw== web-servers\n"
            },
            "metadata_options": [
              {
                "aws_v1_http_endpoint": 1,
                "aws_v1_http_token": 2,
                "gce_http_endpoint": 1,
                "gce_http_token": 1
              }
            ],
            "name": "bastion-host",
            "network_acceleration_type": "standard",
            "network_interface": [
              {
                "dns_record": [],
                "index": 0,
                "ip_address": "10.10.1.19",
                "ipv4": true,
                "ipv6": false,
                "ipv6_address": "",
                "ipv6_dns_record": [],
                "mac_address": "d0:0d:14:32:6c:c3",
                "nat": true,
                "nat_dns_record": [],
                "nat_ip_address": "158.160.130.149",
                "nat_ip_version": "IPV4",
                "security_group_ids": [
                  "enp2ot5ed023d8rijcs6"
                ],
                "subnet_id": "fl88aoh7d42dlahc0k25"
              }
            ],
            "placement_policy": [
              {
                "host_affinity_rules": [],
                "placement_group_id": "",
                "placement_group_partition": 0
              }
            ],
            "platform_id": "standard-v2",
            "resources": [
              {
                "core_fraction": 20,
                "cores": 2,
                "gpus": 0,
                "memory": 2
              }
            ],
            "scheduling_policy": [
              {
                "preemptible": false
              }
            ],
            "secondary_disk": [],
            "service_account_id": "",
            "status": "running",
            "timeouts": null,
            "zone": "ru-central1-d"
          },
          "sensitive_attributes": [],
          "private": "eyJlMmJmYjczMC1lY2FhLTExZTYtOGY4OC0zNDM2M2JjN2M0YzAiOnsiY3JlYXRlIjozMDAwMDAwMDAwMDAsImRlbGV0ZSI6MzAwMDAwMDAwMDAwLCJ1cGRhdGUiOjMwMDAwMDAwMDAwMH0sInNjaGVtYV92ZXJzaW9uIjoiMSJ9",
          "dependencies": [
            "data.yandex_vpc_network.default_vpc",
            "yandex_vpc_security_group.bastion_sg",
            "yandex_vpc_subnet.public_subnet"
          ]
        }
      ]
    },
    {
      "mode": "managed",
      "type": "yandex_compute_instance",
      "name": "web1",
      "provider": "provider[\"registry.terraform.io/yandex-cloud/yandex\"]",
      "instances": [
        {
          "schema_version": 1,
          "attributes": {
            "allow_recreate": null,
            "allow_stopping_for_update": null,
            "boot_disk": [
              {
                "auto_delete": true,
                "device_name": "fv46o37jbmpun32kb61d",
                "disk_id": "fv46o37jbmpun32kb61d",
                "initialize_params": [
                  {
                    "block_size": 4096,
                    "description": "",
                    "image_id": "fd85hkli5dp6as39ali4",
                    "kms_key_id": "",
                    "name": "",
                    "size": 10,
                    "snapshot_id": "",
                    "type": "network-hdd"
                  }
                ],
                "mode": "READ_WRITE"
              }
            ],
            "created_at": "2025-02-15T10:48:56Z",
            "description": "",
            "filesystem": [],
            "folder_id": "b1g898ireef9ia8ivgq4",
            "fqdn": "fv4ch8aqfjgbn9tqfhdo.auto.internal",
            "gpu_cluster_id": "",
            "hardware_generation": [
              {
                "generation2_features": [],
                "legacy_features": [
                  {
                    "pci_topology": "PCI_TOPOLOGY_V1"
                  }
                ]
              }
            ],
            "hostname": "",
            "id": "fv4ch8aqfjgbn9tqfhdo",
            "labels": {},
            "local_disk": [],
            "maintenance_grace_period": "",
            "maintenance_policy": null,
            "metadata": {
              "ssh-keys": "ubuntu:ssh-rsa AAAAB3NzaC1yc2EAAAADAQABAAACAQC4Zaph1LGTJ8GJLQQ2mfHzKT+CRkZSwN6XZoOU/NIe0iqbuvKzcYbTUrYkbPWd2vmvPVx3H91Q8aFX++f+Saxr5B3PatRFLN/VfjETowyME50IzUR6oYe3DvJNOJPHJuZSGS1QYIZ0Qy2ij0xqQclAjES0g1H7Wi62cLd918eunhH6RIeBg83/ykK4D4dQWN6bVPLpHhjbIM1VHXpDlJ4ja7UvRBtffQRRxzgEowQFVBhfGexTtXAiaeSRLOpM8gG3kgRZCyznYMvlCp2x5E0DiPks0hb66ql1wrDLiEL/R+GL7icUIc9BCt5fvWMNwTJ8ouAsKHi4A6k4BOgqeoZbiMBwJ1BEAQ6OpawFrQSnjj1BAfCXLlfTXywuiGWa5Li3lpTjAlIdEnLwEK2Hkw4ITOrV4XbFE64dSfhbbctL7cG9QK+MRcD4+7Fr2vThQFjAT/ugs2+df7XmQQE5Xwi+Pm9mKyRK6CeDZuCD1H2v9m3e4gtB6rzKinn6YLaFtdnyiOCfrigvE0s82eat037EBFQHaxDZ3GyPPHJbLxNMmqBsjLhfKud1P1EA5DUFnrI3cjYhHzpvF0wTgj95wqSQyATCVRkn8BuM4va7wAoFl0q1vk9lBEJWk3PVPDPQrkAR0kJzHj55Q4oxewaurII1YkYn+oOJbtsMpveEu/OKWw== web-servers\n",
              "user-data": "#cloud-config\npackage_update: true\npackage_upgrade: true\nruncmd:\n  - apt-get install -y nginx\n  - systemctl start nginx\n  - systemctl enable nginx\n"
            },
            "metadata_options": [
              {
                "aws_v1_http_endpoint": 1,
                "aws_v1_http_token": 2,
                "gce_http_endpoint": 1,
                "gce_http_token": 1
              }
            ],
            "name": "web-server-1",
            "network_acceleration_type": "standard",
            "network_interface": [
              {
                "dns_record": [],
                "index": 0,
                "ip_address": "10.10.2.28",
                "ipv4": true,
                "ipv6": false,
                "ipv6_address": "",
                "ipv6_dns_record": [],
                "mac_address": "d0:0d:c8:a1:5a:7c",
                "nat": false,
                "nat_dns_record": [],
                "nat_ip_address": "",
                "nat_ip_version": "",
                "security_group_ids": [
                  "enpcgpi36sp1uupanebl"
                ],
                "subnet_id": "fl8m754dlg7o3kv3rg37"
              }
            ],
            "placement_policy": [
              {
                "host_affinity_rules": [],
                "placement_group_id": "",
                "placement_group_partition": 0
              }
            ],
            "platform_id": "standard-v2",
            "resources": [
              {
                "core_fraction": 20,
                "cores": 2,
                "gpus": 0,
                "memory": 2
              }
            ],
            "scheduling_policy": [
              {
                "preemptible": false
              }
            ],
            "secondary_disk": [],
            "service_account_id": "",
            "status": "running",
            "timeouts": null,
            "zone": "ru-central1-d"
          },
          "sensitive_attributes": [],
          "private": "eyJlMmJmYjczMC1lY2FhLTExZTYtOGY4OC0zNDM2M2JjN2M0YzAiOnsiY3JlYXRlIjozMDAwMDAwMDAwMDAsImRlbGV0ZSI6MzAwMDAwMDAwMDAwLCJ1cGRhdGUiOjMwMDAwMDAwMDAwMH0sInNjaGVtYV92ZXJzaW9uIjoiMSJ9",
          "dependencies": [
            "data.yandex_vpc_network.default_vpc",
            "yandex_vpc_gateway.nat_gateway",
            "yandex_vpc_route_table.nat_route",
            "yandex_vpc_security_group.web_sg",
            "yandex_vpc_subnet.private_subnet",
            "yandex_vpc_subnet.private_subnet_1"
          ]
        }
      ]
    },
    {
      "mode": "managed",
      "type": "yandex_vpc_gateway",
      "name": "nat_gateway",
      "provider": "provider[\"registry.terraform.io/yandex-cloud/yandex\"]",
      "instances": [
        {
          "schema_version": 0,
          "attributes": {
            "created_at": "2025-02-15T10:48:52Z",
            "description": "",
            "folder_id": "b1g898ireef9ia8ivgq4",
            "id": "enpkq12iv1lkcckasdub",
            "labels": {},
            "name": "nat-gateway",
            "shared_egress_gateway": [
              {}
            ],
            "timeouts": null
          },
          "sensitive_attributes": [],
          "private": "eyJlMmJmYjczMC1lY2FhLTExZTYtOGY4OC0zNDM2M2JjN2M0YzAiOnsiY3JlYXRlIjo2MDAwMDAwMDAwMCwiZGVsZXRlIjo2MDAwMDAwMDAwMCwidXBkYXRlIjo2MDAwMDAwMDAwMH19"
        }
      ]
    },
    {
      "mode": "managed",
      "type": "yandex_vpc_route_table",
      "name": "nat_route",
      "provider": "provider[\"registry.terraform.io/yandex-cloud/yandex\"]",
      "instances": [
        {
          "schema_version": 0,
          "attributes": {
            "created_at": "2025-02-15T10:48:53Z",
            "description": "",
            "folder_id": "b1g898ireef9ia8ivgq4",
            "id": "enpupvtsneivvs346nht",
            "labels": {},
            "name": "nat-route",
            "network_id": "enp3dfkenjpfet9onp65",
            "static_route": [
              {
                "destination_prefix": "0.0.0.0/0",
                "gateway_id": "enpkq12iv1lkcckasdub",
                "next_hop_address": ""
              }
            ],
            "timeouts": null
          },
          "sensitive_attributes": [],
          "private": "eyJlMmJmYjczMC1lY2FhLTExZTYtOGY4OC0zNDM2M2JjN2M0YzAiOnsiY3JlYXRlIjoxODAwMDAwMDAwMDAsImRlbGV0ZSI6MTgwMDAwMDAwMDAwLCJ1cGRhdGUiOjE4MDAwMDAwMDAwMH19",
          "dependencies": [
            "data.yandex_vpc_network.default_vpc",
            "yandex_vpc_gateway.nat_gateway"
          ]
        }
      ]
    },
    {
      "mode": "managed",
      "type": "yandex_vpc_security_group",
      "name": "bastion_sg",
      "provider": "provider[\"registry.terraform.io/yandex-cloud/yandex\"]",
      "instances": [
        {
          "schema_version": 0,
          "attributes": {
            "created_at": "2025-02-15T10:48:58Z",
            "description": "",
            "egress": [
              {
                "description": "Allow all outbound traffic",
                "from_port": -1,
                "id": "enph574p7ns4oo6442k8",
                "labels": {},
                "port": -1,
                "predefined_target": "",
                "protocol": "ANY",
                "security_group_id": "",
                "to_port": -1,
                "v4_cidr_blocks": [
                  "0.0.0.0/0"
                ],
                "v6_cidr_blocks": []
              }
            ],
            "folder_id": "b1g898ireef9ia8ivgq4",
            "id": "enp2ot5ed023d8rijcs6",
            "ingress": [
              {
                "description": "Allow SSH from anywhere",
                "from_port": -1,
                "id": "enpuucb0b061g90cvn3d",
                "labels": {},
                "port": 22,
                "predefined_target": "",
                "protocol": "TCP",
                "security_group_id": "",
                "to_port": -1,
                "v4_cidr_blocks": [
                  "0.0.0.0/0"
                ],
                "v6_cidr_blocks": []
              }
            ],
            "labels": {},
            "name": "bastion-sg",
            "network_id": "enp3dfkenjpfet9onp65",
            "status": "ACTIVE",
            "timeouts": null
          },
          "sensitive_attributes": [],
          "private": "eyJlMmJmYjczMC1lY2FhLTExZTYtOGY4OC0zNDM2M2JjN2M0YzAiOnsiY3JlYXRlIjoxODAwMDAwMDAwMDAsImRlbGV0ZSI6MTgwMDAwMDAwMDAwLCJ1cGRhdGUiOjE4MDAwMDAwMDAwMH19",
          "dependencies": [
            "data.yandex_vpc_network.default_vpc"
          ]
        }
      ]
    },
    {
      "mode": "managed",
      "type": "yandex_vpc_security_group",
      "name": "web_sg",
      "provider": "provider[\"registry.terraform.io/yandex-cloud/yandex\"]",
      "instances": [
        {
          "schema_version": 0,
          "attributes": {
            "created_at": "2025-02-15T10:48:55Z",
            "description": "",
            "egress": [
              {
                "description": "Allow all outbound traffic",
                "from_port": -1,
                "id": "enpls4259j4s200u88b8",
                "labels": {},
                "port": -1,
                "predefined_target": "",
                "protocol": "ANY",
                "security_group_id": "",
                "to_port": -1,
                "v4_cidr_blocks": [
                  "0.0.0.0/0"
                ],
                "v6_cidr_blocks": []
              }
            ],
            "folder_id": "b1g898ireef9ia8ivgq4",
            "id": "enpcgpi36sp1uupanebl",
            "ingress": [
              {
                "description": "Allow HTTP from internal network",
                "from_port": -1,
                "id": "enptee296rv92svslk0j",
                "labels": {},
                "port": 80,
                "predefined_target": "",
                "protocol": "TCP",
                "security_group_id": "",
                "to_port": -1,
                "v4_cidr_blocks": [
                  "10.10.0.0/16"
                ],
                "v6_cidr_blocks": []
              },
              {
                "description": "Allow SSH from Bastion Host",
                "from_port": -1,
                "id": "enpsrc1nj7978gjdvove",
                "labels": {},
                "port": 22,
                "predefined_target": "",
                "protocol": "TCP",
                "security_group_id": "",
                "to_port": -1,
                "v4_cidr_blocks": [
                  "10.10.1.0/24"
                ],
                "v6_cidr_blocks": []
              }
            ],
            "labels": {},
            "name": "web-sg",
            "network_id": "enp3dfkenjpfet9onp65",
            "status": "ACTIVE",
            "timeouts": null
          },
          "sensitive_attributes": [],
          "private": "eyJlMmJmYjczMC1lY2FhLTExZTYtOGY4OC0zNDM2M2JjN2M0YzAiOnsiY3JlYXRlIjoxODAwMDAwMDAwMDAsImRlbGV0ZSI6MTgwMDAwMDAwMDAwLCJ1cGRhdGUiOjE4MDAwMDAwMDAwMH19",
          "dependencies": [
            "data.yandex_vpc_network.default_vpc"
          ]
        }
      ]
    },
    {
      "mode": "managed",
      "type": "yandex_vpc_subnet",
      "name": "private_subnet",
      "provider": "provider[\"registry.terraform.io/yandex-cloud/yandex\"]",
      "instances": [
        {
          "schema_version": 0,
          "attributes": {
            "created_at": "2025-02-15T10:48:54Z",
            "description": "",
            "dhcp_options": [],
            "folder_id": "b1g898ireef9ia8ivgq4",
            "id": "fl8m754dlg7o3kv3rg37",
            "labels": {},
            "name": "private-subnet",
            "network_id": "enp3dfkenjpfet9onp65",
            "route_table_id": "enpupvtsneivvs346nht",
            "timeouts": null,
            "v4_cidr_blocks": [
              "10.10.2.0/24"
            ],
            "v6_cidr_blocks": [],
            "zone": "ru-central1-d"
          },
          "sensitive_attributes": [],
          "private": "eyJlMmJmYjczMC1lY2FhLTExZTYtOGY4OC0zNDM2M2JjN2M0YzAiOnsiY3JlYXRlIjoxODAwMDAwMDAwMDAsImRlbGV0ZSI6MTgwMDAwMDAwMDAwLCJ1cGRhdGUiOjE4MDAwMDAwMDAwMH19",
          "dependencies": [
            "data.yandex_vpc_network.default_vpc",
            "yandex_vpc_gateway.nat_gateway",
            "yandex_vpc_route_table.nat_route"
          ]
        }
      ]
    },
    {
      "mode": "managed",
      "type": "yandex_vpc_subnet",
      "name": "public_subnet",
      "provider": "provider[\"registry.terraform.io/yandex-cloud/yandex\"]",
      "instances": [
        {
          "schema_version": 0,
          "attributes": {
            "created_at": "2025-02-15T10:48:52Z",
            "description": "",
            "dhcp_options": [],
            "folder_id": "b1g898ireef9ia8ivgq4",
            "id": "fl88aoh7d42dlahc0k25",
            "labels": {},
            "name": "public-subnet",
            "network_id": "enp3dfkenjpfet9onp65",
            "route_table_id": "",
            "timeouts": null,
            "v4_cidr_blocks": [
              "10.10.1.0/24"
            ],
            "v6_cidr_blocks": [],
            "zone": "ru-central1-d"
          },
          "sensitive_attributes": [],
          "private": "eyJlMmJmYjczMC1lY2FhLTExZTYtOGY4OC0zNDM2M2JjN2M0YzAiOnsiY3JlYXRlIjoxODAwMDAwMDAwMDAsImRlbGV0ZSI6MTgwMDAwMDAwMDAwLCJ1cGRhdGUiOjE4MDAwMDAwMDAwMH19",
          "dependencies": [
            "data.yandex_vpc_network.default_vpc"
          ]
        }
      ]
    }
  ],
  "check_results": null
}
