{
  "version": 4,
  "terraform_version": "1.10.5",
  "serial": 390,
  "lineage": "6534682b-a9a8-637a-a332-4449e1b2969b",
  "outputs": {},
  "resources": [
    {
      "mode": "data",
      "type": "yandex_vpc_gateway",
      "name": "existing_nat_gateway",
      "provider": "provider[\"registry.terraform.io/yandex-cloud/yandex\"]",
      "instances": [
        {
          "schema_version": 0,
          "attributes": {
            "created_at": "2025-02-25T00:40:45Z",
            "description": "",
            "folder_id": "b1g898ireef9ia8ivgq4",
            "gateway_id": "enpkq1soa7vdvf050cri",
            "id": "enpkq1soa7vdvf050cri",
            "labels": {},
            "name": "nat-gateway",
            "shared_egress_gateway": [
              {}
            ]
          },
          "sensitive_attributes": []
        }
      ]
    },
    {
      "mode": "data",
      "type": "yandex_vpc_network",
      "name": "default_vpc",
      "provider": "provider[\"registry.terraform.io/yandex-cloud/yandex\"]",
      "instances": [
        {
          "schema_version": 0,
          "attributes": {
            "created_at": "2025-02-11T21:28:41Z",
            "default_security_group_id": "enp64aodvpnuof442qmk",
            "description": "Auto-created network",
            "folder_id": "b1g898ireef9ia8ivgq4",
            "id": "enp3dfkenjpfet9onp65",
            "labels": {},
            "name": "default",
            "network_id": "enp3dfkenjpfet9onp65",
            "subnet_ids": [
              "e2lg496683uv7th20kdj",
              "e2lvvhokfoe2u29vllgd",
              "e9b9p30p9u65ckmid5vr",
              "fl88f98fbeo75v8gfhr2",
              "fl8cmrnehoc3co1a7qes",
              "fl8j6ld2a12uieo44gdt"
            ]
          },
          "sensitive_attributes": []
        }
      ]
    },
    {
      "mode": "managed",
      "type": "yandex_alb_backend_group",
      "name": "web_bg",
      "provider": "provider[\"registry.terraform.io/yandex-cloud/yandex\"]",
      "instances": [
        {
          "schema_version": 0,
          "attributes": {
            "created_at": "2025-02-24T18:31:56Z",
            "description": "",
            "folder_id": "b1g898ireef9ia8ivgq4",
            "grpc_backend": [],
            "http_backend": [
              {
                "healthcheck": [
                  {
                    "grpc_healthcheck": [],
                    "healthcheck_port": 0,
                    "healthy_threshold": 0,
                    "http_healthcheck": [
                      {
                        "expected_statuses": [],
                        "host": "",
                        "http2": false,
                        "path": "/"
                      }
                    ],
                    "interval": "5s",
                    "interval_jitter_percent": 0,
                    "stream_healthcheck": [],
                    "timeout": "2s",
                    "unhealthy_threshold": 0
                  }
                ],
                "http2": false,
                "load_balancing_config": [],
                "name": "web-backend",
                "port": 80,
                "storage_bucket": "",
                "target_group_ids": [
                  "ds709l3ibo2ln1qn1k7k"
                ],
                "tls": [],
                "weight": 1
              }
            ],
            "id": "ds76mautfg50lflkeo28",
            "labels": {},
            "name": "web-backend-group",
            "session_affinity": [],
            "stream_backend": [],
            "timeouts": null
          },
          "sensitive_attributes": [],
          "private": "eyJlMmJmYjczMC1lY2FhLTExZTYtOGY4OC0zNDM2M2JjN2M0YzAiOnsiY3JlYXRlIjozMDAwMDAwMDAwMDAsImRlbGV0ZSI6MzAwMDAwMDAwMDAwLCJ1cGRhdGUiOjMwMDAwMDAwMDAwMH19",
          "dependencies": [
            "data.yandex_vpc_gateway.existing_nat_gateway",
            "data.yandex_vpc_network.default_vpc",
            "yandex_alb_target_group.web_tg",
            "yandex_compute_instance.web1",
            "yandex_compute_instance.web2",
            "yandex_vpc_route_table.nat_route",
            "yandex_vpc_security_group.web_sg",
            "yandex_vpc_subnet.private_subnet_1",
            "yandex_vpc_subnet.private_subnet_2"
          ]
        }
      ]
    },
    {
      "mode": "managed",
      "type": "yandex_alb_http_router",
      "name": "web_router",
      "provider": "provider[\"registry.terraform.io/yandex-cloud/yandex\"]",
      "instances": [
        {
          "schema_version": 0,
          "attributes": {
            "created_at": "2025-02-24T18:30:53Z",
            "description": "",
            "folder_id": "b1g898ireef9ia8ivgq4",
            "id": "ds7bledpn3so4pmqo8fk",
            "labels": {},
            "name": "web-http-router-2",
            "route_options": [],
            "timeouts": null
          },
          "sensitive_attributes": [],
          "private": "eyJlMmJmYjczMC1lY2FhLTExZTYtOGY4OC0zNDM2M2JjN2M0YzAiOnsiY3JlYXRlIjozMDAwMDAwMDAwMDAsImRlbGV0ZSI6MzAwMDAwMDAwMDAwLCJ1cGRhdGUiOjMwMDAwMDAwMDAwMH19"
        }
      ]
    },
    {
      "mode": "managed",
      "type": "yandex_alb_load_balancer",
      "name": "web_alb",
      "provider": "provider[\"registry.terraform.io/yandex-cloud/yandex\"]",
      "instances": [
        {
          "schema_version": 0,
          "attributes": {
            "allocation_policy": [
              {
                "location": [
                  {
                    "disable_traffic": false,
                    "subnet_id": "fl8j6ld2a12uieo44gdt",
                    "zone_id": "ru-central1-d"
                  }
                ]
              }
            ],
            "created_at": "2025-02-24T18:30:54Z",
            "description": "",
            "folder_id": "b1g898ireef9ia8ivgq4",
            "id": "ds77bdkdp46ckcp5f5lp",
            "labels": {},
            "listener": [
              {
                "endpoint": [
                  {
                    "address": [
                      {
                        "external_ipv4_address": [
                          {
                            "address": "158.160.167.250"
                          }
                        ],
                        "external_ipv6_address": [],
                        "internal_ipv4_address": []
                      }
                    ],
                    "ports": [
                      80
                    ]
                  }
                ],
                "http": [
                  {
                    "handler": [
                      {
                        "allow_http10": false,
                        "http2_options": [],
                        "http_router_id": "ds7bledpn3so4pmqo8fk",
                        "rewrite_request_id": false
                      }
                    ],
                    "redirects": []
                  }
                ],
                "name": "http-listener",
                "stream": [],
                "tls": []
              }
            ],
            "log_group_id": "",
            "log_options": [],
            "name": "web-load-balancer",
            "network_id": "enp3dfkenjpfet9onp65",
            "region_id": "",
            "security_group_ids": [],
            "status": "active",
            "timeouts": null
          },
          "sensitive_attributes": [],
          "private": "eyJlMmJmYjczMC1lY2FhLTExZTYtOGY4OC0zNDM2M2JjN2M0YzAiOnsiY3JlYXRlIjo2MDAwMDAwMDAwMDAsImRlbGV0ZSI6NjAwMDAwMDAwMDAwLCJ1cGRhdGUiOjYwMDAwMDAwMDAwMH19",
          "dependencies": [
            "data.yandex_vpc_network.default_vpc",
            "yandex_alb_http_router.web_router",
            "yandex_vpc_subnet.public_subnet"
          ]
        }
      ]
    },
    {
      "mode": "managed",
      "type": "yandex_alb_target_group",
      "name": "web_tg",
      "provider": "provider[\"registry.terraform.io/yandex-cloud/yandex\"]",
      "instances": [
        {
          "schema_version": 0,
          "attributes": {
            "created_at": "2025-02-24T18:31:56Z",
            "description": "",
            "folder_id": "b1g898ireef9ia8ivgq4",
            "id": "ds709l3ibo2ln1qn1k7k",
            "labels": {},
            "name": "web-target-group",
            "target": [
              {
                "ip_address": "10.10.2.15",
                "private_ipv4_address": false,
                "subnet_id": "fl8cmrnehoc3co1a7qes"
              },
              {
                "ip_address": "10.10.3.13",
                "private_ipv4_address": false,
                "subnet_id": "e2lvvhokfoe2u29vllgd"
              }
            ],
            "timeouts": null
          },
          "sensitive_attributes": [],
          "private": "eyJlMmJmYjczMC1lY2FhLTExZTYtOGY4OC0zNDM2M2JjN2M0YzAiOnsiY3JlYXRlIjozMDAwMDAwMDAwMDAsImRlbGV0ZSI6MzAwMDAwMDAwMDAwLCJ1cGRhdGUiOjMwMDAwMDAwMDAwMH19",
          "dependencies": [
            "data.yandex_vpc_gateway.existing_nat_gateway",
            "data.yandex_vpc_network.default_vpc",
            "yandex_compute_instance.web1",
            "yandex_compute_instance.web2",
            "yandex_vpc_gateway.nat_gateway",
            "yandex_vpc_route_table.nat_route",
            "yandex_vpc_security_group.web_sg",
            "yandex_vpc_subnet.private_subnet_1",
            "yandex_vpc_subnet.private_subnet_2"
          ]
        }
      ]
    },
    {
      "mode": "managed",
      "type": "yandex_alb_virtual_host",
      "name": "web_vhost",
      "provider": "provider[\"registry.terraform.io/yandex-cloud/yandex\"]",
      "instances": [
        {
          "schema_version": 0,
          "attributes": {
            "authority": [],
            "http_router_id": "ds7bledpn3so4pmqo8fk",
            "id": "ds7bledpn3so4pmqo8fk/web-vhost",
            "modify_request_headers": [],
            "modify_response_headers": [],
            "name": "web-vhost",
            "rate_limit": [],
            "route": [
              {
                "grpc_route": [],
                "http_route": [
                  {
                    "direct_response_action": [],
                    "http_match": [],
                    "http_route_action": [
                      {
                        "auto_host_rewrite": false,
                        "backend_group_id": "ds76mautfg50lflkeo28",
                        "host_rewrite": "",
                        "idle_timeout": "",
                        "prefix_rewrite": "",
                        "rate_limit": [],
                        "timeout": "",
                        "upgrade_types": []
                      }
                    ],
                    "redirect_action": []
                  }
                ],
                "name": "web-route",
                "route_options": []
              }
            ],
            "route_options": [],
            "timeouts": null
          },
          "sensitive_attributes": [],
          "private": "eyJlMmJmYjczMC1lY2FhLTExZTYtOGY4OC0zNDM2M2JjN2M0YzAiOnsiY3JlYXRlIjozMDAwMDAwMDAwMDAsImRlbGV0ZSI6MzAwMDAwMDAwMDAwLCJ1cGRhdGUiOjMwMDAwMDAwMDAwMH19",
          "dependencies": [
            "data.yandex_vpc_gateway.existing_nat_gateway",
            "data.yandex_vpc_network.default_vpc",
            "yandex_alb_backend_group.web_bg",
            "yandex_alb_http_router.web_router",
            "yandex_alb_target_group.web_tg",
            "yandex_compute_instance.web1",
            "yandex_compute_instance.web2",
            "yandex_vpc_route_table.nat_route",
            "yandex_vpc_security_group.web_sg",
            "yandex_vpc_subnet.private_subnet_1",
            "yandex_vpc_subnet.private_subnet_2"
          ]
        }
      ]
    },
    {
      "mode": "managed",
      "type": "yandex_compute_instance",
      "name": "bastion",
      "provider": "provider[\"registry.terraform.io/yandex-cloud/yandex\"]",
      "instances": [
        {
          "schema_version": 1,
          "attributes": {
            "allow_recreate": null,
            "allow_stopping_for_update": null,
            "boot_disk": [
              {
                "auto_delete": true,
                "device_name": "fv46prjorltcnv1njm76",
                "disk_id": "fv46prjorltcnv1njm76",
                "initialize_params": [
                  {
                    "block_size": 4096,
                    "description": "",
                    "image_id": "fd85hkli5dp6as39ali4",
                    "kms_key_id": "",
                    "name": "",
                    "size": 10,
                    "snapshot_id": "",
                    "type": "network-hdd"
                  }
                ],
                "mode": "READ_WRITE"
              }
            ],
            "created_at": "2025-02-25T01:57:35Z",
            "description": "",
            "filesystem": [],
            "folder_id": "b1g898ireef9ia8ivgq4",
            "fqdn": "bastion.ru-central1.internal",
            "gpu_cluster_id": "",
            "hardware_generation": [
              {
                "generation2_features": [],
                "legacy_features": [
                  {
                    "pci_topology": "PCI_TOPOLOGY_V1"
                  }
                ]
              }
            ],
            "hostname": "bastion",
            "id": "fv48cjq986h7638fj7eb",
            "labels": null,
            "local_disk": [],
            "maintenance_grace_period": "",
            "maintenance_policy": null,
            "metadata": {
              "ssh-keys": "ubuntu:ssh-rsa AAAAB3NzaC1yc2EAAAADAQABAAACAQC4Zaph1LGTJ8GJLQQ2mfHzKT+CRkZSwN6XZoOU/NIe0iqbuvKzcYbTUrYkbPWd2vmvPVx3H91Q8aFX++f+Saxr5B3PatRFLN/VfjETowyME50IzUR6oYe3DvJNOJPHJuZSGS1QYIZ0Qy2ij0xqQclAjES0g1H7Wi62cLd918eunhH6RIeBg83/ykK4D4dQWN6bVPLpHhjbIM1VHXpDlJ4ja7UvRBtffQRRxzgEowQFVBhfGexTtXAiaeSRLOpM8gG3kgRZCyznYMvlCp2x5E0DiPks0hb66ql1wrDLiEL/R+GL7icUIc9BCt5fvWMNwTJ8ouAsKHi4A6k4BOgqeoZbiMBwJ1BEAQ6OpawFrQSnjj1BAfCXLlfTXywuiGWa5Li3lpTjAlIdEnLwEK2Hkw4ITOrV4XbFE64dSfhbbctL7cG9QK+MRcD4+7Fr2vThQFjAT/ugs2+df7XmQQE5Xwi+Pm9mKyRK6CeDZuCD1H2v9m3e4gtB6rzKinn6YLaFtdnyiOCfrigvE0s82eat037EBFQHaxDZ3GyPPHJbLxNMmqBsjLhfKud1P1EA5DUFnrI3cjYhHzpvF0wTgj95wqSQyATCVRkn8BuM4va7wAoFl0q1vk9lBEJWk3PVPDPQrkAR0kJzHj55Q4oxewaurII1YkYn+oOJbtsMpveEu/OKWw== web-servers\n"
            },
            "metadata_options": [
              {
                "aws_v1_http_endpoint": 1,
                "aws_v1_http_token": 2,
                "gce_http_endpoint": 1,
                "gce_http_token": 1
              }
            ],
            "name": "bastion",
            "network_acceleration_type": "standard",
            "network_interface": [
              {
                "dns_record": [],
                "index": 0,
                "ip_address": "10.10.1.34",
                "ipv4": true,
                "ipv6": false,
                "ipv6_address": "",
                "ipv6_dns_record": [],
                "mac_address": "d0:0d:86:4f:49:41",
                "nat": true,
                "nat_dns_record": [],
                "nat_ip_address": "84.201.168.178",
                "nat_ip_version": "IPV4",
                "security_group_ids": [
                  "enp431ck9phccmqcfgc1"
                ],
                "subnet_id": "fl8j6ld2a12uieo44gdt"
              }
            ],
            "placement_policy": [
              {
                "host_affinity_rules": [],
                "placement_group_id": "",
                "placement_group_partition": 0
              }
            ],
            "platform_id": "standard-v2",
            "resources": [
              {
                "core_fraction": 20,
                "cores": 2,
                "gpus": 0,
                "memory": 2
              }
            ],
            "scheduling_policy": [
              {
                "preemptible": false
              }
            ],
            "secondary_disk": [],
            "service_account_id": "",
            "status": "running",
            "timeouts": null,
            "zone": "ru-central1-d"
          },
          "sensitive_attributes": [],
          "private": "eyJlMmJmYjczMC1lY2FhLTExZTYtOGY4OC0zNDM2M2JjN2M0YzAiOnsiY3JlYXRlIjozMDAwMDAwMDAwMDAsImRlbGV0ZSI6MzAwMDAwMDAwMDAwLCJ1cGRhdGUiOjMwMDAwMDAwMDAwMH0sInNjaGVtYV92ZXJzaW9uIjoiMSJ9",
          "dependencies": [
            "data.yandex_vpc_network.default_vpc",
            "yandex_vpc_security_group.bastion_sg",
            "yandex_vpc_subnet.public_subnet"
          ]
        }
      ]
    },
    {
      "mode": "managed",
      "type": "yandex_compute_instance",
      "name": "web1",
      "provider": "provider[\"registry.terraform.io/yandex-cloud/yandex\"]",
      "instances": [
        {
          "schema_version": 1,
          "attributes": {
            "allow_recreate": null,
            "allow_stopping_for_update": null,
            "boot_disk": [
              {
                "auto_delete": true,
                "device_name": "fv4sb31tc4v30p9snp53",
                "disk_id": "fv4sb31tc4v30p9snp53",
                "initialize_params": [
                  {
                    "block_size": 4096,
                    "description": "",
                    "image_id": "fd85hkli5dp6as39ali4",
                    "kms_key_id": "",
                    "name": "",
                    "size": 10,
                    "snapshot_id": "",
                    "type": "network-hdd"
                  }
                ],
                "mode": "READ_WRITE"
              }
            ],
            "created_at": "2025-02-25T01:56:40Z",
            "description": "",
            "filesystem": [],
            "folder_id": "b1g898ireef9ia8ivgq4",
            "fqdn": "web1.ru-central1.internal",
            "gpu_cluster_id": "",
            "hardware_generation": [
              {
                "generation2_features": [],
                "legacy_features": [
                  {
                    "pci_topology": "PCI_TOPOLOGY_V1"
                  }
                ]
              }
            ],
            "hostname": "web1",
            "id": "fv4andm2jd99ftjmrjit",
            "labels": null,
            "local_disk": [],
            "maintenance_grace_period": "",
            "maintenance_policy": null,
            "metadata": {
              "ssh-keys": "ubuntu:ssh-rsa AAAAB3NzaC1yc2EAAAADAQABAAACAQC4Zaph1LGTJ8GJLQQ2mfHzKT+CRkZSwN6XZoOU/NIe0iqbuvKzcYbTUrYkbPWd2vmvPVx3H91Q8aFX++f+Saxr5B3PatRFLN/VfjETowyME50IzUR6oYe3DvJNOJPHJuZSGS1QYIZ0Qy2ij0xqQclAjES0g1H7Wi62cLd918eunhH6RIeBg83/ykK4D4dQWN6bVPLpHhjbIM1VHXpDlJ4ja7UvRBtffQRRxzgEowQFVBhfGexTtXAiaeSRLOpM8gG3kgRZCyznYMvlCp2x5E0DiPks0hb66ql1wrDLiEL/R+GL7icUIc9BCt5fvWMNwTJ8ouAsKHi4A6k4BOgqeoZbiMBwJ1BEAQ6OpawFrQSnjj1BAfCXLlfTXywuiGWa5Li3lpTjAlIdEnLwEK2Hkw4ITOrV4XbFE64dSfhbbctL7cG9QK+MRcD4+7Fr2vThQFjAT/ugs2+df7XmQQE5Xwi+Pm9mKyRK6CeDZuCD1H2v9m3e4gtB6rzKinn6YLaFtdnyiOCfrigvE0s82eat037EBFQHaxDZ3GyPPHJbLxNMmqBsjLhfKud1P1EA5DUFnrI3cjYhHzpvF0wTgj95wqSQyATCVRkn8BuM4va7wAoFl0q1vk9lBEJWk3PVPDPQrkAR0kJzHj55Q4oxewaurII1YkYn+oOJbtsMpveEu/OKWw== web-servers\n"
            },
            "metadata_options": [
              {
                "aws_v1_http_endpoint": 1,
                "aws_v1_http_token": 2,
                "gce_http_endpoint": 1,
                "gce_http_token": 1
              }
            ],
            "name": "web-server-1",
            "network_acceleration_type": "standard",
            "network_interface": [
              {
                "dns_record": [],
                "index": 0,
                "ip_address": "10.10.2.20",
                "ipv4": true,
                "ipv6": false,
                "ipv6_address": "",
                "ipv6_dns_record": [],
                "mac_address": "d0:0d:ab:b6:c2:9b",
                "nat": false,
                "nat_dns_record": [],
                "nat_ip_address": "",
                "nat_ip_version": "",
                "security_group_ids": [
                  "enp8ohe5v7tfsejoon5i"
                ],
                "subnet_id": "fl8cmrnehoc3co1a7qes"
              }
            ],
            "placement_policy": [
              {
                "host_affinity_rules": [],
                "placement_group_id": "",
                "placement_group_partition": 0
              }
            ],
            "platform_id": "standard-v2",
            "resources": [
              {
                "core_fraction": 20,
                "cores": 2,
                "gpus": 0,
                "memory": 2
              }
            ],
            "scheduling_policy": [
              {
                "preemptible": false
              }
            ],
            "secondary_disk": [],
            "service_account_id": "",
            "status": "running",
            "timeouts": null,
            "zone": "ru-central1-d"
          },
          "sensitive_attributes": [],
          "private": "eyJlMmJmYjczMC1lY2FhLTExZTYtOGY4OC0zNDM2M2JjN2M0YzAiOnsiY3JlYXRlIjozMDAwMDAwMDAwMDAsImRlbGV0ZSI6MzAwMDAwMDAwMDAwLCJ1cGRhdGUiOjMwMDAwMDAwMDAwMH0sInNjaGVtYV92ZXJzaW9uIjoiMSJ9",
          "dependencies": [
            "data.yandex_vpc_gateway.existing_nat_gateway",
            "data.yandex_vpc_network.default_vpc",
            "yandex_vpc_route_table.nat_route",
            "yandex_vpc_security_group.web_sg",
            "yandex_vpc_subnet.private_subnet_1"
          ]
        }
      ]
    },
    {
      "mode": "managed",
      "type": "yandex_compute_instance",
      "name": "web2",
      "provider": "provider[\"registry.terraform.io/yandex-cloud/yandex\"]",
      "instances": [
        {
          "schema_version": 1,
          "attributes": {
            "allow_recreate": null,
            "allow_stopping_for_update": null,
            "boot_disk": [
              {
                "auto_delete": true,
                "device_name": "epdpu4kvgknivpm1b3gh",
                "disk_id": "epdpu4kvgknivpm1b3gh",
                "initialize_params": [
                  {
                    "block_size": 4096,
                    "description": "",
                    "image_id": "fd85hkli5dp6as39ali4",
                    "kms_key_id": "",
                    "name": "",
                    "size": 10,
                    "snapshot_id": "",
                    "type": "network-hdd"
                  }
                ],
                "mode": "READ_WRITE"
              }
            ],
            "created_at": "2025-02-25T01:56:40Z",
            "description": "",
            "filesystem": [],
            "folder_id": "b1g898ireef9ia8ivgq4",
            "fqdn": "web2.ru-central1.internal",
            "gpu_cluster_id": "",
            "hardware_generation": [
              {
                "generation2_features": [],
                "legacy_features": [
                  {
                    "pci_topology": "PCI_TOPOLOGY_V1"
                  }
                ]
              }
            ],
            "hostname": "web2",
            "id": "epdohl6hk4smj9rlnop7",
            "labels": null,
            "local_disk": [],
            "maintenance_grace_period": "",
            "maintenance_policy": null,
            "metadata": {
              "ssh-keys": "ubuntu:ssh-rsa AAAAB3NzaC1yc2EAAAADAQABAAACAQC4Zaph1LGTJ8GJLQQ2mfHzKT+CRkZSwN6XZoOU/NIe0iqbuvKzcYbTUrYkbPWd2vmvPVx3H91Q8aFX++f+Saxr5B3PatRFLN/VfjETowyME50IzUR6oYe3DvJNOJPHJuZSGS1QYIZ0Qy2ij0xqQclAjES0g1H7Wi62cLd918eunhH6RIeBg83/ykK4D4dQWN6bVPLpHhjbIM1VHXpDlJ4ja7UvRBtffQRRxzgEowQFVBhfGexTtXAiaeSRLOpM8gG3kgRZCyznYMvlCp2x5E0DiPks0hb66ql1wrDLiEL/R+GL7icUIc9BCt5fvWMNwTJ8ouAsKHi4A6k4BOgqeoZbiMBwJ1BEAQ6OpawFrQSnjj1BAfCXLlfTXywuiGWa5Li3lpTjAlIdEnLwEK2Hkw4ITOrV4XbFE64dSfhbbctL7cG9QK+MRcD4+7Fr2vThQFjAT/ugs2+df7XmQQE5Xwi+Pm9mKyRK6CeDZuCD1H2v9m3e4gtB6rzKinn6YLaFtdnyiOCfrigvE0s82eat037EBFQHaxDZ3GyPPHJbLxNMmqBsjLhfKud1P1EA5DUFnrI3cjYhHzpvF0wTgj95wqSQyATCVRkn8BuM4va7wAoFl0q1vk9lBEJWk3PVPDPQrkAR0kJzHj55Q4oxewaurII1YkYn+oOJbtsMpveEu/OKWw== web-servers\n"
            },
            "metadata_options": [
              {
                "aws_v1_http_endpoint": 1,
                "aws_v1_http_token": 2,
                "gce_http_endpoint": 1,
                "gce_http_token": 1
              }
            ],
            "name": "web-server-2",
            "network_acceleration_type": "standard",
            "network_interface": [
              {
                "dns_record": [],
                "index": 0,
                "ip_address": "10.10.3.20",
                "ipv4": true,
                "ipv6": false,
                "ipv6_address": "",
                "ipv6_dns_record": [],
                "mac_address": "d0:0d:18:8d:4d:1a",
                "nat": false,
                "nat_dns_record": [],
                "nat_ip_address": "",
                "nat_ip_version": "",
                "security_group_ids": [
                  "enp8ohe5v7tfsejoon5i"
                ],
                "subnet_id": "e2lvvhokfoe2u29vllgd"
              }
            ],
            "placement_policy": [
              {
                "host_affinity_rules": [],
                "placement_group_id": "",
                "placement_group_partition": 0
              }
            ],
            "platform_id": "standard-v2",
            "resources": [
              {
                "core_fraction": 20,
                "cores": 2,
                "gpus": 0,
                "memory": 2
              }
            ],
            "scheduling_policy": [
              {
                "preemptible": false
              }
            ],
            "secondary_disk": [],
            "service_account_id": "",
            "status": "running",
            "timeouts": null,
            "zone": "ru-central1-b"
          },
          "sensitive_attributes": [],
          "private": "eyJlMmJmYjczMC1lY2FhLTExZTYtOGY4OC0zNDM2M2JjN2M0YzAiOnsiY3JlYXRlIjozMDAwMDAwMDAwMDAsImRlbGV0ZSI6MzAwMDAwMDAwMDAwLCJ1cGRhdGUiOjMwMDAwMDAwMDAwMH0sInNjaGVtYV92ZXJzaW9uIjoiMSJ9",
          "dependencies": [
            "data.yandex_vpc_gateway.existing_nat_gateway",
            "data.yandex_vpc_network.default_vpc",
            "yandex_vpc_route_table.nat_route",
            "yandex_vpc_security_group.web_sg",
            "yandex_vpc_subnet.private_subnet_2"
          ]
        }
      ]
    },
    {
      "mode": "managed",
      "type": "yandex_vpc_gateway",
      "name": "nat_gateway",
      "provider": "provider[\"registry.terraform.io/yandex-cloud/yandex\"]",
      "instances": [
        {
          "schema_version": 0,
          "attributes": {
            "created_at": "2025-02-25T00:40:45Z",
            "description": "",
            "folder_id": "b1g898ireef9ia8ivgq4",
            "id": "enpkq1soa7vdvf050cri",
            "labels": {},
            "name": "nat-gateway",
            "shared_egress_gateway": [
              {}
            ],
            "timeouts": null
          },
          "sensitive_attributes": [],
          "private": "eyJlMmJmYjczMC1lY2FhLTExZTYtOGY4OC0zNDM2M2JjN2M0YzAiOnsiY3JlYXRlIjo2MDAwMDAwMDAwMCwiZGVsZXRlIjo2MDAwMDAwMDAwMCwidXBkYXRlIjo2MDAwMDAwMDAwMH19"
        }
      ]
    },
    {
      "mode": "managed",
      "type": "yandex_vpc_route_table",
      "name": "nat_route",
      "provider": "provider[\"registry.terraform.io/yandex-cloud/yandex\"]",
      "instances": [
        {
          "schema_version": 0,
          "attributes": {
            "created_at": "2025-02-25T00:40:45Z",
            "description": "",
            "folder_id": "b1g898ireef9ia8ivgq4",
            "id": "enp2h99buttf8fbmgjh9",
            "labels": {},
            "name": "nat-route",
            "network_id": "enp3dfkenjpfet9onp65",
            "static_route": [
              {
                "destination_prefix": "0.0.0.0/0",
                "gateway_id": "enpkq1soa7vdvf050cri",
                "next_hop_address": ""
              }
            ],
            "timeouts": null
          },
          "sensitive_attributes": [],
          "private": "eyJlMmJmYjczMC1lY2FhLTExZTYtOGY4OC0zNDM2M2JjN2M0YzAiOnsiY3JlYXRlIjoxODAwMDAwMDAwMDAsImRlbGV0ZSI6MTgwMDAwMDAwMDAwLCJ1cGRhdGUiOjE4MDAwMDAwMDAwMH19",
          "dependencies": [
            "data.yandex_vpc_gateway.existing_nat_gateway",
            "data.yandex_vpc_network.default_vpc"
          ]
        }
      ]
    },
    {
      "mode": "managed",
      "type": "yandex_vpc_security_group",
      "name": "bastion_sg",
      "provider": "provider[\"registry.terraform.io/yandex-cloud/yandex\"]",
      "instances": [
        {
          "schema_version": 0,
          "attributes": {
            "created_at": "2025-02-24T18:30:58Z",
            "description": "",
            "egress": [
              {
                "description": "",
                "from_port": -1,
                "id": "enpf0cqfjfqilao1v8t5",
                "labels": {},
                "port": -1,
                "predefined_target": "",
                "protocol": "ANY",
                "security_group_id": "",
                "to_port": -1,
                "v4_cidr_blocks": [
                  "0.0.0.0/0"
                ],
                "v6_cidr_blocks": []
              }
            ],
            "folder_id": "b1g898ireef9ia8ivgq4",
            "id": "enp431ck9phccmqcfgc1",
            "ingress": [
              {
                "description": "",
                "from_port": -1,
                "id": "enp4kco0f4fiusm1g0js",
                "labels": {},
                "port": 22,
                "predefined_target": "",
                "protocol": "TCP",
                "security_group_id": "",
                "to_port": -1,
                "v4_cidr_blocks": [
                  "0.0.0.0/0"
                ],
                "v6_cidr_blocks": []
              }
            ],
            "labels": {},
            "name": "bastion-sg",
            "network_id": "enp3dfkenjpfet9onp65",
            "status": "ACTIVE",
            "timeouts": null
          },
          "sensitive_attributes": [],
          "private": "eyJlMmJmYjczMC1lY2FhLTExZTYtOGY4OC0zNDM2M2JjN2M0YzAiOnsiY3JlYXRlIjoxODAwMDAwMDAwMDAsImRlbGV0ZSI6MTgwMDAwMDAwMDAwLCJ1cGRhdGUiOjE4MDAwMDAwMDAwMH19",
          "dependencies": [
            "data.yandex_vpc_network.default_vpc"
          ]
        }
      ]
    },
    {
      "mode": "managed",
      "type": "yandex_vpc_security_group",
      "name": "web_sg",
      "provider": "provider[\"registry.terraform.io/yandex-cloud/yandex\"]",
      "instances": [
        {
          "schema_version": 0,
          "attributes": {
            "created_at": "2025-02-24T18:30:55Z",
            "description": "",
            "egress": [
              {
                "description": "",
                "from_port": -1,
                "id": "enpbjd82u1gc6ldm8k05",
                "labels": {},
                "port": -1,
                "predefined_target": "",
                "protocol": "ANY",
                "security_group_id": "",
                "to_port": -1,
                "v4_cidr_blocks": [
                  "0.0.0.0/0"
                ],
                "v6_cidr_blocks": []
              }
            ],
            "folder_id": "b1g898ireef9ia8ivgq4",
            "id": "enp8ohe5v7tfsejoon5i",
            "ingress": [
              {
                "description": "",
                "from_port": -1,
                "id": "enp78hgrt0et2ckdr8il",
                "labels": {},
                "port": -1,
                "predefined_target": "",
                "protocol": "ICMP",
                "security_group_id": "",
                "to_port": -1,
                "v4_cidr_blocks": [
                  "10.10.1.0/24"
                ],
                "v6_cidr_blocks": []
              },
              {
                "description": "",
                "from_port": -1,
                "id": "enpaqt64tqqtvh5q2kgj",
                "labels": {},
                "port": 80,
                "predefined_target": "",
                "protocol": "TCP",
                "security_group_id": "",
                "to_port": -1,
                "v4_cidr_blocks": [
                  "0.0.0.0/0"
                ],
                "v6_cidr_blocks": []
              },
              {
                "description": "",
                "from_port": -1,
                "id": "enpf3h9laotid6ue2l9t",
                "labels": {},
                "port": 443,
                "predefined_target": "",
                "protocol": "TCP",
                "security_group_id": "",
                "to_port": -1,
                "v4_cidr_blocks": [
                  "0.0.0.0/0"
                ],
                "v6_cidr_blocks": []
              },
              {
                "description": "",
                "from_port": -1,
                "id": "enpt5m2nq0kchcvoqbh5",
                "labels": {},
                "port": 22,
                "predefined_target": "",
                "protocol": "TCP",
                "security_group_id": "",
                "to_port": -1,
                "v4_cidr_blocks": [
                  "10.10.1.0/24"
                ],
                "v6_cidr_blocks": []
              }
            ],
            "labels": {},
            "name": "web-sg",
            "network_id": "enp3dfkenjpfet9onp65",
            "status": "ACTIVE",
            "timeouts": null
          },
          "sensitive_attributes": [],
          "private": "eyJlMmJmYjczMC1lY2FhLTExZTYtOGY4OC0zNDM2M2JjN2M0YzAiOnsiY3JlYXRlIjoxODAwMDAwMDAwMDAsImRlbGV0ZSI6MTgwMDAwMDAwMDAwLCJ1cGRhdGUiOjE4MDAwMDAwMDAwMH19",
          "dependencies": [
            "data.yandex_vpc_network.default_vpc"
          ]
        }
      ]
    },
    {
      "mode": "managed",
      "type": "yandex_vpc_subnet",
      "name": "private_subnet_1",
      "provider": "provider[\"registry.terraform.io/yandex-cloud/yandex\"]",
      "instances": [
        {
          "schema_version": 0,
          "attributes": {
            "created_at": "2025-02-24T18:30:53Z",
            "description": "",
            "dhcp_options": [],
            "folder_id": "b1g898ireef9ia8ivgq4",
            "id": "fl8cmrnehoc3co1a7qes",
            "labels": {},
            "name": "private-subnet-1",
            "network_id": "enp3dfkenjpfet9onp65",
            "route_table_id": "enp2h99buttf8fbmgjh9",
            "timeouts": null,
            "v4_cidr_blocks": [
              "10.10.2.0/24"
            ],
            "v6_cidr_blocks": [],
            "zone": "ru-central1-d"
          },
          "sensitive_attributes": [],
          "private": "eyJlMmJmYjczMC1lY2FhLTExZTYtOGY4OC0zNDM2M2JjN2M0YzAiOnsiY3JlYXRlIjoxODAwMDAwMDAwMDAsImRlbGV0ZSI6MTgwMDAwMDAwMDAwLCJ1cGRhdGUiOjE4MDAwMDAwMDAwMH19",
          "dependencies": [
            "data.yandex_vpc_gateway.existing_nat_gateway",
            "data.yandex_vpc_network.default_vpc",
            "yandex_vpc_route_table.nat_route"
          ]
        }
      ]
    },
    {
      "mode": "managed",
      "type": "yandex_vpc_subnet",
      "name": "private_subnet_2",
      "provider": "provider[\"registry.terraform.io/yandex-cloud/yandex\"]",
      "instances": [
        {
          "schema_version": 0,
          "attributes": {
            "created_at": "2025-02-24T18:30:54Z",
            "description": "",
            "dhcp_options": [],
            "folder_id": "b1g898ireef9ia8ivgq4",
            "id": "e2lvvhokfoe2u29vllgd",
            "labels": {},
            "name": "private-subnet-2",
            "network_id": "enp3dfkenjpfet9onp65",
            "route_table_id": "enp2h99buttf8fbmgjh9",
            "timeouts": null,
            "v4_cidr_blocks": [
              "10.10.3.0/24"
            ],
            "v6_cidr_blocks": [],
            "zone": "ru-central1-b"
          },
          "sensitive_attributes": [],
          "private": "eyJlMmJmYjczMC1lY2FhLTExZTYtOGY4OC0zNDM2M2JjN2M0YzAiOnsiY3JlYXRlIjoxODAwMDAwMDAwMDAsImRlbGV0ZSI6MTgwMDAwMDAwMDAwLCJ1cGRhdGUiOjE4MDAwMDAwMDAwMH19",
          "dependencies": [
            "data.yandex_vpc_gateway.existing_nat_gateway",
            "data.yandex_vpc_network.default_vpc",
            "yandex_vpc_route_table.nat_route"
          ]
        }
      ]
    },
    {
      "mode": "managed",
      "type": "yandex_vpc_subnet",
      "name": "public_subnet",
      "provider": "provider[\"registry.terraform.io/yandex-cloud/yandex\"]",
      "instances": [
        {
          "schema_version": 0,
          "attributes": {
            "created_at": "2025-02-24T18:30:54Z",
            "description": "",
            "dhcp_options": [],
            "folder_id": "b1g898ireef9ia8ivgq4",
            "id": "fl8j6ld2a12uieo44gdt",
            "labels": {},
            "name": "public-subnet",
            "network_id": "enp3dfkenjpfet9onp65",
            "route_table_id": "",
            "timeouts": null,
            "v4_cidr_blocks": [
              "10.10.1.0/24"
            ],
            "v6_cidr_blocks": [],
            "zone": "ru-central1-d"
          },
          "sensitive_attributes": [],
          "private": "eyJlMmJmYjczMC1lY2FhLTExZTYtOGY4OC0zNDM2M2JjN2M0YzAiOnsiY3JlYXRlIjoxODAwMDAwMDAwMDAsImRlbGV0ZSI6MTgwMDAwMDAwMDAwLCJ1cGRhdGUiOjE4MDAwMDAwMDAwMH19",
          "dependencies": [
            "data.yandex_vpc_network.default_vpc"
          ]
        }
      ]
    }
  ],
  "check_results": null
}
